
Microsoft Visual Studio Solution File, Format Version 12.00
# Visual Studio Version 17
VisualStudioVersion = 17.9.34728.123
MinimumVisualStudioVersion = 10.0.40219.1
Project("{FAE04EC0-301F-11D3-BF4B-00C04F79EFBC}") = "CursoCsharp", "CursoCsharp.csproj", "{ABD52F48-BE9D-4C4E-A019-AA472F315CAA}"
EndProject
Global
	GlobalSection(SolutionConfigurationPlatforms) = preSolution
		Debug|Any CPU = Debug|Any CPU
		Release|Any CPU = Release|Any CPU
	EndGlobalSection
	GlobalSection(ProjectConfigurationPlatforms) = postSolution
		{ABD52F48-BE9D-4C4E-A019-AA472F315CAA}.Debug|Any CPU.ActiveCfg = Debug|Any CPU
		{ABD52F48-BE9D-4C4E-A019-AA472F315CAA}.Debug|Any CPU.Build.0 = Debug|Any CPU
		{ABD52F48-BE9D-4C4E-A019-AA472F315CAA}.Release|Any CPU.ActiveCfg = Release|Any CPU
		{ABD52F48-BE9D-4C4E-A019-AA472F315CAA}.Release|Any CPU.Build.0 = Release|Any CPU
	EndGlobalSection
	GlobalSection(SolutionProperties) = preSolution
		HideSolutionNode = FALSE
	EndGlobalSection
	GlobalSection(ExtensibilityGlobals) = postSolution
		SolutionGuid = {57405613-1A9D-40F0-ADBD-B1BD055E4152}
	EndGlobalSection
EndGlobal
